PODS:
  - Apollo (0.10.1):
    - Apollo/Core (= 0.10.1)
  - Apollo/Core (0.10.1)

DEPENDENCIES:
  - Apollo (~> 0.10.1)

SPEC REPOS:
  https://github.com/cocoapods/specs.git:
    - Apollo

SPEC CHECKSUMS:
  Apollo: 4d690a9b2e48e8820182df4b988d7a253e1ee589

PODFILE CHECKSUM: 4cba863126dc6e56166652987f75bdc760f10385

COCOAPODS: 1.7.5
