// !$*UTF8*$!
{
	archiveVersion = 1;
	classes = {
	};
	objectVersion = 51;
	objects = {

/* Begin PBXBuildFile section */
		2702F2812339A59A00642E01 /* CustomAPI.swift in Sources */ = {isa = PBXBuildFile; fileRef = 2702F2802339A59A00642E01 /* CustomAPI.swift */; };
		270AD4712338CC0200B7F5CD /* WebVC.swift in Sources */ = {isa = PBXBuildFile; fileRef = 270AD4702338CC0200B7F5CD /* WebVC.swift */; };
		27409D5D2338A3D600067265 /* AppDelegate.swift in Sources */ = {isa = PBXBuildFile; fileRef = 27409D5C2338A3D600067265 /* AppDelegate.swift */; };
		27409D5F2338A3D600067265 /* SceneDelegate.swift in Sources */ = {isa = PBXBuildFile; fileRef = 27409D5E2338A3D600067265 /* SceneDelegate.swift */; };
		27409D612338A3D600067265 /* ContentView.swift in Sources */ = {isa = PBXBuildFile; fileRef = 27409D602338A3D600067265 /* ContentView.swift */; };
		27409D632338A3D700067265 /* Assets.xcassets in Resources */ = {isa = PBXBuildFile; fileRef = 27409D622338A3D700067265 /* Assets.xcassets */; };
		27409D662338A3D700067265 /* Preview Assets.xcassets in Resources */ = {isa = PBXBuildFile; fileRef = 27409D652338A3D700067265 /* Preview Assets.xcassets */; };
		27409D692338A3D700067265 /* LaunchScreen.storyboard in Resources */ = {isa = PBXBuildFile; fileRef = 27409D672338A3D700067265 /* LaunchScreen.storyboard */; };
		27409D742338A3D700067265 /* GraphQLApolloSwiftTests.swift in Sources */ = {isa = PBXBuildFile; fileRef = 27409D732338A3D700067265 /* GraphQLApolloSwiftTests.swift */; };
		27409D7F2338A3D700067265 /* GraphQLApolloSwiftUITests.swift in Sources */ = {isa = PBXBuildFile; fileRef = 27409D7E2338A3D700067265 /* GraphQLApolloSwiftUITests.swift */; };
		27409D8D2338A56B00067265 /* HomeVC.swift in Sources */ = {isa = PBXBuildFile; fileRef = 27409D8C2338A56B00067265 /* HomeVC.swift */; };
		27409D922338B52A00067265 /* HomeVC.graphql in Resources */ = {isa = PBXBuildFile; fileRef = 27409D912338B52A00067265 /* HomeVC.graphql */; };
		27409D942338B57700067265 /* GraphQLAPI.swift in Sources */ = {isa = PBXBuildFile; fileRef = 27409D932338B57700067265 /* GraphQLAPI.swift */; };
		27409D992338C81B00067265 /* NetworkExtension.framework in Frameworks */ = {isa = PBXBuildFile; fileRef = 27409D982338C81B00067265 /* NetworkExtension.framework */; };
		27409D9B2338C83E00067265 /* MapKit.framework in Frameworks */ = {isa = PBXBuildFile; fileRef = 27409D9A2338C83E00067265 /* MapKit.framework */; };
		9FEF489A4DA38905566C7088 /* Pods_GraphQLApolloSwift.framework in Frameworks */ = {isa = PBXBuildFile; fileRef = BD53DEAC5B15CBF1AB744836 /* Pods_GraphQLApolloSwift.framework */; };
/* End PBXBuildFile section */

/* Begin PBXContainerItemProxy section */
		27409D702338A3D700067265 /* PBXContainerItemProxy */ = {
			isa = PBXContainerItemProxy;
			containerPortal = 27409D512338A3D600067265 /* Project object */;
			proxyType = 1;
			remoteGlobalIDString = 27409D582338A3D600067265;
			remoteInfo = GraphQLApolloSwift;
		};
		27409D7B2338A3D700067265 /* PBXContainerItemProxy */ = {
			isa = PBXContainerItemProxy;
			containerPortal = 27409D512338A3D600067265 /* Project object */;
			proxyType = 1;
			remoteGlobalIDString = 27409D582338A3D600067265;
			remoteInfo = GraphQLApolloSwift;
		};
/* End PBXContainerItemProxy section */

/* Begin PBXFileReference section */
		2702F2802339A59A00642E01 /* CustomAPI.swift */ = {isa = PBXFileReference; lastKnownFileType = sourcecode.swift; path = CustomAPI.swift; sourceTree = "<group>"; };
		270AD4702338CC0200B7F5CD /* WebVC.swift */ = {isa = PBXFileReference; lastKnownFileType = sourcecode.swift; path = WebVC.swift; sourceTree = "<group>"; };
		27409D592338A3D600067265 /* GraphQLApolloSwift.app */ = {isa = PBXFileReference; explicitFileType = wrapper.application; includeInIndex = 0; path = GraphQLApolloSwift.app; sourceTree = BUILT_PRODUCTS_DIR; };
		27409D5C2338A3D600067265 /* AppDelegate.swift */ = {isa = PBXFileReference; lastKnownFileType = sourcecode.swift; path = AppDelegate.swift; sourceTree = "<group>"; };
		27409D5E2338A3D600067265 /* SceneDelegate.swift */ = {isa = PBXFileReference; lastKnownFileType = sourcecode.swift; path = SceneDelegate.swift; sourceTree = "<group>"; };
		27409D602338A3D600067265 /* ContentView.swift */ = {isa = PBXFileReference; lastKnownFileType = sourcecode.swift; path = ContentView.swift; sourceTree = "<group>"; };
		27409D622338A3D700067265 /* Assets.xcassets */ = {isa = PBXFileReference; lastKnownFileType = folder.assetcatalog; path = Assets.xcassets; sourceTree = "<group>"; };
		27409D652338A3D700067265 /* Preview Assets.xcassets */ = {isa = PBXFileReference; lastKnownFileType = folder.assetcatalog; path = "Preview Assets.xcassets"; sourceTree = "<group>"; };
		27409D682338A3D700067265 /* Base */ = {isa = PBXFileReference; lastKnownFileType = file.storyboard; name = Base; path = Base.lproj/LaunchScreen.storyboard; sourceTree = "<group>"; };
		27409D6A2338A3D700067265 /* Info.plist */ = {isa = PBXFileReference; lastKnownFileType = text.plist.xml; path = Info.plist; sourceTree = "<group>"; };
		27409D6F2338A3D700067265 /* GraphQLApolloSwiftTests.xctest */ = {isa = PBXFileReference; explicitFileType = wrapper.cfbundle; includeInIndex = 0; path = GraphQLApolloSwiftTests.xctest; sourceTree = BUILT_PRODUCTS_DIR; };
		27409D732338A3D700067265 /* GraphQLApolloSwiftTests.swift */ = {isa = PBXFileReference; lastKnownFileType = sourcecode.swift; path = GraphQLApolloSwiftTests.swift; sourceTree = "<group>"; };
		27409D752338A3D700067265 /* Info.plist */ = {isa = PBXFileReference; lastKnownFileType = text.plist.xml; path = Info.plist; sourceTree = "<group>"; };
		27409D7A2338A3D700067265 /* GraphQLApolloSwiftUITests.xctest */ = {isa = PBXFileReference; explicitFileType = wrapper.cfbundle; includeInIndex = 0; path = GraphQLApolloSwiftUITests.xctest; sourceTree = BUILT_PRODUCTS_DIR; };
		27409D7E2338A3D700067265 /* GraphQLApolloSwiftUITests.swift */ = {isa = PBXFileReference; lastKnownFileType = sourcecode.swift; path = GraphQLApolloSwiftUITests.swift; sourceTree = "<group>"; };
		27409D802338A3D700067265 /* Info.plist */ = {isa = PBXFileReference; lastKnownFileType = text.plist.xml; path = Info.plist; sourceTree = "<group>"; };
		27409D8C2338A56B00067265 /* HomeVC.swift */ = {isa = PBXFileReference; lastKnownFileType = sourcecode.swift; path = HomeVC.swift; sourceTree = "<group>"; };
		27409D912338B52A00067265 /* HomeVC.graphql */ = {isa = PBXFileReference; lastKnownFileType = text; path = HomeVC.graphql; sourceTree = "<group>"; };
		27409D932338B57700067265 /* GraphQLAPI.swift */ = {isa = PBXFileReference; lastKnownFileType = sourcecode.swift; path = GraphQLAPI.swift; sourceTree = "<group>"; };
		27409D982338C81B00067265 /* NetworkExtension.framework */ = {isa = PBXFileReference; lastKnownFileType = wrapper.framework; name = NetworkExtension.framework; path = System/Library/Frameworks/NetworkExtension.framework; sourceTree = SDKROOT; };
		27409D9A2338C83E00067265 /* MapKit.framework */ = {isa = PBXFileReference; lastKnownFileType = wrapper.framework; name = MapKit.framework; path = System/Library/Frameworks/MapKit.framework; sourceTree = SDKROOT; };
		AA74DB2551FB3A82B0E3D218 /* Pods-GraphQLApolloSwift.release.xcconfig */ = {isa = PBXFileReference; includeInIndex = 1; lastKnownFileType = text.xcconfig; name = "Pods-GraphQLApolloSwift.release.xcconfig"; path = "Target Support Files/Pods-GraphQLApolloSwift/Pods-GraphQLApolloSwift.release.xcconfig"; sourceTree = "<group>"; };
		BD53DEAC5B15CBF1AB744836 /* Pods_GraphQLApolloSwift.framework */ = {isa = PBXFileReference; explicitFileType = wrapper.framework; includeInIndex = 0; path = Pods_GraphQLApolloSwift.framework; sourceTree = BUILT_PRODUCTS_DIR; };
		E0AA5469FC50C547B6B099E7 /* Pods-GraphQLApolloSwift.debug.xcconfig */ = {isa = PBXFileReference; includeInIndex = 1; lastKnownFileType = text.xcconfig; name = "Pods-GraphQLApolloSwift.debug.xcconfig"; path = "Target Support Files/Pods-GraphQLApolloSwift/Pods-GraphQLApolloSwift.debug.xcconfig"; sourceTree = "<group>"; };
/* End PBXFileReference section */

/* Begin PBXFrameworksBuildPhase section */
		27409D562338A3D600067265 /* Frameworks */ = {
			isa = PBXFrameworksBuildPhase;
			buildActionMask = 2147483647;
			files = (
				9FEF489A4DA38905566C7088 /* Pods_GraphQLApolloSwift.framework in Frameworks */,
				27409D9B2338C83E00067265 /* MapKit.framework in Frameworks */,
				27409D992338C81B00067265 /* NetworkExtension.framework in Frameworks */,
			);
			runOnlyForDeploymentPostprocessing = 0;
		};
		27409D6C2338A3D700067265 /* Frameworks */ = {
			isa = PBXFrameworksBuildPhase;
			buildActionMask = 2147483647;
			files = (
			);
			runOnlyForDeploymentPostprocessing = 0;
		};
		27409D772338A3D700067265 /* Frameworks */ = {
			isa = PBXFrameworksBuildPhase;
			buildActionMask = 2147483647;
			files = (
			);
			runOnlyForDeploymentPostprocessing = 0;
		};
/* End PBXFrameworksBuildPhase section */

/* Begin PBXGroup section */
		27409D502338A3D600067265 = {
			isa = PBXGroup;
			children = (
				27409D5B2338A3D600067265 /* GraphQLApolloSwift */,
				27409D722338A3D700067265 /* GraphQLApolloSwiftTests */,
				27409D7D2338A3D700067265 /* GraphQLApolloSwiftUITests */,
				27409D5A2338A3D600067265 /* Products */,
				36886A8920BCE1E5F04CAAD2 /* Pods */,
				DE584881F1447E4F2C468AF8 /* Frameworks */,
			);
			sourceTree = "<group>";
		};
		27409D5A2338A3D600067265 /* Products */ = {
			isa = PBXGroup;
			children = (
				27409D592338A3D600067265 /* GraphQLApolloSwift.app */,
				27409D6F2338A3D700067265 /* GraphQLApolloSwiftTests.xctest */,
				27409D7A2338A3D700067265 /* GraphQLApolloSwiftUITests.xctest */,
			);
			name = Products;
			sourceTree = "<group>";
		};
		27409D5B2338A3D600067265 /* GraphQLApolloSwift */ = {
			isa = PBXGroup;
			children = (
				27409D5C2338A3D600067265 /* AppDelegate.swift */,
				27409D5E2338A3D600067265 /* SceneDelegate.swift */,
				27409D602338A3D600067265 /* ContentView.swift */,
				27409D8C2338A56B00067265 /* HomeVC.swift */,
				27409D932338B57700067265 /* GraphQLAPI.swift */,
				2702F2802339A59A00642E01 /* CustomAPI.swift */,
				270AD4702338CC0200B7F5CD /* WebVC.swift */,
				27409D912338B52A00067265 /* HomeVC.graphql */,
				27409D622338A3D700067265 /* Assets.xcassets */,
				27409D672338A3D700067265 /* LaunchScreen.storyboard */,
				27409D6A2338A3D700067265 /* Info.plist */,
				27409D642338A3D700067265 /* Preview Content */,
			);
			path = GraphQLApolloSwift;
			sourceTree = "<group>";
		};
		27409D642338A3D700067265 /* Preview Content */ = {
			isa = PBXGroup;
			children = (
				27409D652338A3D700067265 /* Preview Assets.xcassets */,
			);
			path = "Preview Content";
			sourceTree = "<group>";
		};
		27409D722338A3D700067265 /* GraphQLApolloSwiftTests */ = {
			isa = PBXGroup;
			children = (
				27409D732338A3D700067265 /* GraphQLApolloSwiftTests.swift */,
				27409D752338A3D700067265 /* Info.plist */,
			);
			path = GraphQLApolloSwiftTests;
			sourceTree = "<group>";
		};
		27409D7D2338A3D700067265 /* GraphQLApolloSwiftUITests */ = {
			isa = PBXGroup;
			children = (
				27409D7E2338A3D700067265 /* GraphQLApolloSwiftUITests.swift */,
				27409D802338A3D700067265 /* Info.plist */,
			);
			path = GraphQLApolloSwiftUITests;
			sourceTree = "<group>";
		};
		36886A8920BCE1E5F04CAAD2 /* Pods */ = {
			isa = PBXGroup;
			children = (
				E0AA5469FC50C547B6B099E7 /* Pods-GraphQLApolloSwift.debug.xcconfig */,
				AA74DB2551FB3A82B0E3D218 /* Pods-GraphQLApolloSwift.release.xcconfig */,
			);
			path = Pods;
			sourceTree = "<group>";
		};
		DE584881F1447E4F2C468AF8 /* Frameworks */ = {
			isa = PBXGroup;
			children = (
				27409D9A2338C83E00067265 /* MapKit.framework */,
				27409D982338C81B00067265 /* NetworkExtension.framework */,
				BD53DEAC5B15CBF1AB744836 /* Pods_GraphQLApolloSwift.framework */,
			);
			name = Frameworks;
			sourceTree = "<group>";
		};
/* End PBXGroup section */

/* Begin PBXNativeTarget section */
		27409D582338A3D600067265 /* GraphQLApolloSwift */ = {
			isa = PBXNativeTarget;
			buildConfigurationList = 27409D832338A3D700067265 /* Build configuration list for PBXNativeTarget "GraphQLApolloSwift" */;
			buildPhases = (
				66A8CBED3452397BC7F01C8C /* [CP] Check Pods Manifest.lock */,
				27409D552338A3D600067265 /* Sources */,
				27409D562338A3D600067265 /* Frameworks */,
				27409D572338A3D600067265 /* Resources */,
				6BB6AF6BD716F53A148984A3 /* [CP] Embed Pods Frameworks */,
			);
			buildRules = (
			);
			dependencies = (
			);
			name = GraphQLApolloSwift;
			productName = GraphQLApolloSwift;
			productReference = 27409D592338A3D600067265 /* GraphQLApolloSwift.app */;
			productType = "com.apple.product-type.application";
		};
		27409D6E2338A3D700067265 /* GraphQLApolloSwiftTests */ = {
			isa = PBXNativeTarget;
			buildConfigurationList = 27409D862338A3D700067265 /* Build configuration list for PBXNativeTarget "GraphQLApolloSwiftTests" */;
			buildPhases = (
				27409D6B2338A3D700067265 /* Sources */,
				27409D6C2338A3D700067265 /* Frameworks */,
				27409D6D2338A3D700067265 /* Resources */,
			);
			buildRules = (
			);
			dependencies = (
				27409D712338A3D700067265 /* PBXTargetDependency */,
			);
			name = GraphQLApolloSwiftTests;
			productName = GraphQLApolloSwiftTests;
			productReference = 27409D6F2338A3D700067265 /* GraphQLApolloSwiftTests.xctest */;
			productType = "com.apple.product-type.bundle.unit-test";
		};
		27409D792338A3D700067265 /* GraphQLApolloSwiftUITests */ = {
			isa = PBXNativeTarget;
			buildConfigurationList = 27409D892338A3D700067265 /* Build configuration list for PBXNativeTarget "GraphQLApolloSwiftUITests" */;
			buildPhases = (
				27409D762338A3D700067265 /* Sources */,
				27409D772338A3D700067265 /* Frameworks */,
				27409D782338A3D700067265 /* Resources */,
			);
			buildRules = (
			);
			dependencies = (
				27409D7C2338A3D700067265 /* PBXTargetDependency */,
			);
			name = GraphQLApolloSwiftUITests;
			productName = GraphQLApolloSwiftUITests;
			productReference = 27409D7A2338A3D700067265 /* GraphQLApolloSwiftUITests.xctest */;
			productType = "com.apple.product-type.bundle.ui-testing";
		};
/* End PBXNativeTarget section */

/* Begin PBXProject section */
		27409D512338A3D600067265 /* Project object */ = {
			isa = PBXProject;
			attributes = {
				LastSwiftUpdateCheck = 1100;
				LastUpgradeCheck = 1100;
				ORGANIZATIONNAME = "柯南";
				TargetAttributes = {
					27409D582338A3D600067265 = {
						CreatedOnToolsVersion = 11.0;
					};
					27409D6E2338A3D700067265 = {
						CreatedOnToolsVersion = 11.0;
						TestTargetID = 27409D582338A3D600067265;
					};
					27409D792338A3D700067265 = {
						CreatedOnToolsVersion = 11.0;
						TestTargetID = 27409D582338A3D600067265;
					};
				};
			};
			buildConfigurationList = 27409D542338A3D600067265 /* Build configuration list for PBXProject "GraphQLApolloSwift" */;
			compatibilityVersion = "Xcode 9.3";
			developmentRegion = en;
			hasScannedForEncodings = 0;
			knownRegions = (
				en,
				Base,
			);
			mainGroup = 27409D502338A3D600067265;
			productRefGroup = 27409D5A2338A3D600067265 /* Products */;
			projectDirPath = "";
			projectRoot = "";
			targets = (
				27409D582338A3D600067265 /* GraphQLApolloSwift */,
				27409D6E2338A3D700067265 /* GraphQLApolloSwiftTests */,
				27409D792338A3D700067265 /* GraphQLApolloSwiftUITests */,
			);
		};
/* End PBXProject section */

/* Begin PBXResourcesBuildPhase section */
		27409D572338A3D600067265 /* Resources */ = {
			isa = PBXResourcesBuildPhase;
			buildActionMask = 2147483647;
			files = (
				27409D692338A3D700067265 /* LaunchScreen.storyboard in Resources */,
				27409D922338B52A00067265 /* HomeVC.graphql in Resources */,
				27409D662338A3D700067265 /* Preview Assets.xcassets in Resources */,
				27409D632338A3D700067265 /* Assets.xcassets in Resources */,
			);
			runOnlyForDeploymentPostprocessing = 0;
		};
		27409D6D2338A3D700067265 /* Resources */ = {
			isa = PBXResourcesBuildPhase;
			buildActionMask = 2147483647;
			files = (
			);
			runOnlyForDeploymentPostprocessing = 0;
		};
		27409D782338A3D700067265 /* Resources */ = {
			isa = PBXResourcesBuildPhase;
			buildActionMask = 2147483647;
			files = (
			);
			runOnlyForDeploymentPostprocessing = 0;
		};
/* End PBXResourcesBuildPhase section */

/* Begin PBXShellScriptBuildPhase section */
		66A8CBED3452397BC7F01C8C /* [CP] Check Pods Manifest.lock */ = {
			isa = PBXShellScriptBuildPhase;
			buildActionMask = 2147483647;
			files = (
			);
			inputFileListPaths = (
			);
			inputPaths = (
				"${PODS_PODFILE_DIR_PATH}/Podfile.lock",
				"${PODS_ROOT}/Manifest.lock",
			);
			name = "[CP] Check Pods Manifest.lock";
			outputFileListPaths = (
			);
			outputPaths = (
				"$(DERIVED_FILE_DIR)/Pods-GraphQLApolloSwift-checkManifestLockResult.txt",
			);
			runOnlyForDeploymentPostprocessing = 0;
			shellPath = /bin/sh;
			shellScript = "diff \"${PODS_PODFILE_DIR_PATH}/Podfile.lock\" \"${PODS_ROOT}/Manifest.lock\" > /dev/null\nif [ $? != 0 ] ; then\n    # print error to STDERR\n    echo \"error: The sandbox is not in sync with the Podfile.lock. Run 'pod install' or update your CocoaPods installation.\" >&2\n    exit 1\nfi\n# This output is used by Xcode 'outputs' to avoid re-running this script phase.\necho \"SUCCESS\" > \"${SCRIPT_OUTPUT_FILE_0}\"\n";
			showEnvVarsInLog = 0;
		};
		6BB6AF6BD716F53A148984A3 /* [CP] Embed Pods Frameworks */ = {
			isa = PBXShellScriptBuildPhase;
			buildActionMask = 2147483647;
			files = (
			);
			inputFileListPaths = (
				"${PODS_ROOT}/Target Support Files/Pods-GraphQLApolloSwift/Pods-GraphQLApolloSwift-frameworks-${CONFIGURATION}-input-files.xcfilelist",
			);
			name = "[CP] Embed Pods Frameworks";
			outputFileListPaths = (
				"${PODS_ROOT}/Target Support Files/Pods-GraphQLApolloSwift/Pods-GraphQLApolloSwift-frameworks-${CONFIGURATION}-output-files.xcfilelist",
			);
			runOnlyForDeploymentPostprocessing = 0;
			shellPath = /bin/sh;
			shellScript = "\"${PODS_ROOT}/Target Support Files/Pods-GraphQLApolloSwift/Pods-GraphQLApolloSwift-frameworks.sh\"\n";
			showEnvVarsInLog = 0;
		};
/* End PBXShellScriptBuildPhase section */

/* Begin PBXSourcesBuildPhase section */
		27409D552338A3D600067265 /* Sources */ = {
			isa = PBXSourcesBuildPhase;
			buildActionMask = 2147483647;
			files = (
				27409D5D2338A3D600067265 /* AppDelegate.swift in Sources */,
				27409D942338B57700067265 /* GraphQLAPI.swift in Sources */,
				27409D8D2338A56B00067265 /* HomeVC.swift in Sources */,
				2702F2812339A59A00642E01 /* CustomAPI.swift in Sources */,
				270AD4712338CC0200B7F5CD /* WebVC.swift in Sources */,
				27409D5F2338A3D600067265 /* SceneDelegate.swift in Sources */,
				27409D612338A3D600067265 /* ContentView.swift in Sources */,
			);
			runOnlyForDeploymentPostprocessing = 0;
		};
		27409D6B2338A3D700067265 /* Sources */ = {
			isa = PBXSourcesBuildPhase;
			buildActionMask = 2147483647;
			files = (
				27409D742338A3D700067265 /* GraphQLApolloSwiftTests.swift in Sources */,
			);
			runOnlyForDeploymentPostprocessing = 0;
		};
		27409D762338A3D700067265 /* Sources */ = {
			isa = PBXSourcesBuildPhase;
			buildActionMask = 2147483647;
			files = (
				27409D7F2338A3D700067265 /* GraphQLApolloSwiftUITests.swift in Sources */,
			);
			runOnlyForDeploymentPostprocessing = 0;
		};
/* End PBXSourcesBuildPhase section */

/* Begin PBXTargetDependency section */
		27409D712338A3D700067265 /* PBXTargetDependency */ = {
			isa = PBXTargetDependency;
			target = 27409D582338A3D600067265 /* GraphQLApolloSwift */;
			targetProxy = 27409D702338A3D700067265 /* PBXContainerItemProxy */;
		};
		27409D7C2338A3D700067265 /* PBXTargetDependency */ = {
			isa = PBXTargetDependency;
			target = 27409D582338A3D600067265 /* GraphQLApolloSwift */;
			targetProxy = 27409D7B2338A3D700067265 /* PBXContainerItemProxy */;
		};
/* End PBXTargetDependency section */

/* Begin PBXVariantGroup section */
		27409D672338A3D700067265 /* LaunchScreen.storyboard */ = {
			isa = PBXVariantGroup;
			children = (
				27409D682338A3D700067265 /* Base */,
			);
			name = LaunchScreen.storyboard;
			sourceTree = "<group>";
		};
/* End PBXVariantGroup section */

/* Begin XCBuildConfiguration section */
		27409D812338A3D700067265 /* Debug */ = {
			isa = XCBuildConfiguration;
			buildSettings = {
				ALWAYS_SEARCH_USER_PATHS = NO;
				CLANG_ANALYZER_NONNULL = YES;
				CLANG_ANALYZER_NUMBER_OBJECT_CONVERSION = YES_AGGRESSIVE;
				CLANG_CXX_LANGUAGE_STANDARD = "gnu++14";
				CLANG_CXX_LIBRARY = "libc++";
				CLANG_ENABLE_MODULES = YES;
				CLANG_ENABLE_OBJC_ARC = YES;
				CLANG_ENABLE_OBJC_WEAK = YES;
				CLANG_WARN_BLOCK_CAPTURE_AUTORELEASING = YES;
				CLANG_WARN_BOOL_CONVERSION = YES;
				CLANG_WARN_COMMA = YES;
				CLANG_WARN_CONSTANT_CONVERSION = YES;
				CLANG_WARN_DEPRECATED_OBJC_IMPLEMENTATIONS = YES;
				CLANG_WARN_DIRECT_OBJC_ISA_USAGE = YES_ERROR;
				CLANG_WARN_DOCUMENTATION_COMMENTS = YES;
				CLANG_WARN_EMPTY_BODY = YES;
				CLANG_WARN_ENUM_CONVERSION = YES;
				CLANG_WARN_INFINITE_RECURSION = YES;
				CLANG_WARN_INT_CONVERSION = YES;
				CLANG_WARN_NON_LITERAL_NULL_CONVERSION = YES;
				CLANG_WARN_OBJC_IMPLICIT_RETAIN_SELF = YES;
				CLANG_WARN_OBJC_LITERAL_CONVERSION = YES;
				CLANG_WARN_OBJC_ROOT_CLASS = YES_ERROR;
				CLANG_WARN_RANGE_LOOP_ANALYSIS = YES;
				CLANG_WARN_STRICT_PROTOTYPES = YES;
				CLANG_WARN_SUSPICIOUS_MOVE = YES;
				CLANG_WARN_UNGUARDED_AVAILABILITY = YES_AGGRESSIVE;
				CLANG_WARN_UNREACHABLE_CODE = YES;
				CLANG_WARN__DUPLICATE_METHOD_MATCH = YES;
				COPY_PHASE_STRIP = NO;
				DEBUG_INFORMATION_FORMAT = dwarf;
				ENABLE_STRICT_OBJC_MSGSEND = YES;
				ENABLE_TESTABILITY = YES;
				GCC_C_LANGUAGE_STANDARD = gnu11;
				GCC_DYNAMIC_NO_PIC = NO;
				GCC_NO_COMMON_BLOCKS = YES;
				GCC_OPTIMIZATION_LEVEL = 0;
				GCC_PREPROCESSOR_DEFINITIONS = (
					"DEBUG=1",
					"$(inherited)",
				);
				GCC_WARN_64_TO_32_BIT_CONVERSION = YES;
				GCC_WARN_ABOUT_RETURN_TYPE = YES_ERROR;
				GCC_WARN_UNDECLARED_SELECTOR = YES;
				GCC_WARN_UNINITIALIZED_AUTOS = YES_AGGRESSIVE;
				GCC_WARN_UNUSED_FUNCTION = YES;
				GCC_WARN_UNUSED_VARIABLE = YES;
				IPHONEOS_DEPLOYMENT_TARGET = 13.0;
				MTL_ENABLE_DEBUG_INFO = INCLUDE_SOURCE;
				MTL_FAST_MATH = YES;
				ONLY_ACTIVE_ARCH = YES;
				SDKROOT = iphoneos;
				SWIFT_ACTIVE_COMPILATION_CONDITIONS = DEBUG;
				SWIFT_OPTIMIZATION_LEVEL = "-Onone";
			};
			name = Debug;
		};
		27409D822338A3D700067265 /* Release */ = {
			isa = XCBuildConfiguration;
			buildSettings = {
				ALWAYS_SEARCH_USER_PATHS = NO;
				CLANG_ANALYZER_NONNULL = YES;
				CLANG_ANALYZER_NUMBER_OBJECT_CONVERSION = YES_AGGRESSIVE;
				CLANG_CXX_LANGUAGE_STANDARD = "gnu++14";
				CLANG_CXX_LIBRARY = "libc++";
				CLANG_ENABLE_MODULES = YES;
				CLANG_ENABLE_OBJC_ARC = YES;
				CLANG_ENABLE_OBJC_WEAK = YES;
				CLANG_WARN_BLOCK_CAPTURE_AUTORELEASING = YES;
				CLANG_WARN_BOOL_CONVERSION = YES;
				CLANG_WARN_COMMA = YES;
				CLANG_WARN_CONSTANT_CONVERSION = YES;
				CLANG_WARN_DEPRECATED_OBJC_IMPLEMENTATIONS = YES;
				CLANG_WARN_DIRECT_OBJC_ISA_USAGE = YES_ERROR;
				CLANG_WARN_DOCUMENTATION_COMMENTS = YES;
				CLANG_WARN_EMPTY_BODY = YES;
				CLANG_WARN_ENUM_CONVERSION = YES;
				CLANG_WARN_INFINITE_RECURSION = YES;
				CLANG_WARN_INT_CONVERSION = YES;
				CLANG_WARN_NON_LITERAL_NULL_CONVERSION = YES;
				CLANG_WARN_OBJC_IMPLICIT_RETAIN_SELF = YES;
				CLANG_WARN_OBJC_LITERAL_CONVERSION = YES;
				CLANG_WARN_OBJC_ROOT_CLASS = YES_ERROR;
				CLANG_WARN_RANGE_LOOP_ANALYSIS = YES;
				CLANG_WARN_STRICT_PROTOTYPES = YES;
				CLANG_WARN_SUSPICIOUS_MOVE = YES;
				CLANG_WARN_UNGUARDED_AVAILABILITY = YES_AGGRESSIVE;
				CLANG_WARN_UNREACHABLE_CODE = YES;
				CLANG_WARN__DUPLICATE_METHOD_MATCH = YES;
				COPY_PHASE_STRIP = NO;
				DEBUG_INFORMATION_FORMAT = "dwarf-with-dsym";
				ENABLE_NS_ASSERTIONS = NO;
				ENABLE_STRICT_OBJC_MSGSEND = YES;
				GCC_C_LANGUAGE_STANDARD = gnu11;
				GCC_NO_COMMON_BLOCKS = YES;
				GCC_WARN_64_TO_32_BIT_CONVERSION = YES;
				GCC_WARN_ABOUT_RETURN_TYPE = YES_ERROR;
				GCC_WARN_UNDECLARED_SELECTOR = YES;
				GCC_WARN_UNINITIALIZED_AUTOS = YES_AGGRESSIVE;
				GCC_WARN_UNUSED_FUNCTION = YES;
				GCC_WARN_UNUSED_VARIABLE = YES;
				IPHONEOS_DEPLOYMENT_TARGET = 13.0;
				MTL_ENABLE_DEBUG_INFO = NO;
				MTL_FAST_MATH = YES;
				SDKROOT = iphoneos;
				SWIFT_COMPILATION_MODE = wholemodule;
				SWIFT_OPTIMIZATION_LEVEL = "-O";
				VALIDATE_PRODUCT = YES;
			};
			name = Release;
		};
		27409D842338A3D700067265 /* Debug */ = {
			isa = XCBuildConfiguration;
			baseConfigurationReference = E0AA5469FC50C547B6B099E7 /* Pods-GraphQLApolloSwift.debug.xcconfig */;
			buildSettings = {
				ASSETCATALOG_COMPILER_APPICON_NAME = AppIcon;
				CODE_SIGN_ENTITLEMENTS = GraphQLApolloSwift/GraphQLApolloSwift.entitlements;
				CODE_SIGN_STYLE = Automatic;
				DEVELOPMENT_ASSET_PATHS = "\"GraphQLApolloSwift/Preview Content\"";
				ENABLE_PREVIEWS = YES;
				INFOPLIST_FILE = GraphQLApolloSwift/Info.plist;
				LD_RUNPATH_SEARCH_PATHS = (
					"$(inherited)",
					"@executable_path/Frameworks",
				);
				PRODUCT_BUNDLE_IDENTIFIER = zouqi.GraphQLApolloSwift;
				PRODUCT_NAME = "$(TARGET_NAME)";
				SWIFT_VERSION = 5.0;
				TARGETED_DEVICE_FAMILY = "1,2";
			};
			name = Debug;
		};
		27409D852338A3D700067265 /* Release */ = {
			isa = XCBuildConfiguration;
			baseConfigurationReference = AA74DB2551FB3A82B0E3D218 /* Pods-GraphQLApolloSwift.release.xcconfig */;
			buildSettings = {
				ASSETCATALOG_COMPILER_APPICON_NAME = AppIcon;
				CODE_SIGN_ENTITLEMENTS = GraphQLApolloSwift/GraphQLApolloSwift.entitlements;
				CODE_SIGN_STYLE = Automatic;
				DEVELOPMENT_ASSET_PATHS = "\"GraphQLApolloSwift/Preview Content\"";
				ENABLE_PREVIEWS = YES;
				INFOPLIST_FILE = GraphQLApolloSwift/Info.plist;
				LD_RUNPATH_SEARCH_PATHS = (
					"$(inherited)",
					"@executable_path/Frameworks",
				);
				PRODUCT_BUNDLE_IDENTIFIER = zouqi.GraphQLApolloSwift;
				PRODUCT_NAME = "$(TARGET_NAME)";
				SWIFT_VERSION = 5.0;
				TARGETED_DEVICE_FAMILY = "1,2";
			};
			name = Release;
		};
		27409D872338A3D700067265 /* Debug */ = {
			isa = XCBuildConfiguration;
			buildSettings = {
				ALWAYS_EMBED_SWIFT_STANDARD_LIBRARIES = YES;
				BUNDLE_LOADER = "$(TEST_HOST)";
				CODE_SIGN_STYLE = Automatic;
				INFOPLIST_FILE = GraphQLApolloSwiftTests/Info.plist;
				IPHONEOS_DEPLOYMENT_TARGET = 13.0;
				LD_RUNPATH_SEARCH_PATHS = (
					"$(inherited)",
					"@executable_path/Frameworks",
					"@loader_path/Frameworks",
				);
				PRODUCT_BUNDLE_IDENTIFIER = zouqi.GraphQLApolloSwiftTests;
				PRODUCT_NAME = "$(TARGET_NAME)";
				SWIFT_VERSION = 5.0;
				TARGETED_DEVICE_FAMILY = "1,2";
				TEST_HOST = "$(BUILT_PRODUCTS_DIR)/GraphQLApolloSwift.app/GraphQLApolloSwift";
			};
			name = Debug;
		};
		27409D882338A3D700067265 /* Release */ = {
			isa = XCBuildConfiguration;
			buildSettings = {
				ALWAYS_EMBED_SWIFT_STANDARD_LIBRARIES = YES;
				BUNDLE_LOADER = "$(TEST_HOST)";
				CODE_SIGN_STYLE = Automatic;
				INFOPLIST_FILE = GraphQLApolloSwiftTests/Info.plist;
				IPHONEOS_DEPLOYMENT_TARGET = 13.0;
				LD_RUNPATH_SEARCH_PATHS = (
					"$(inherited)",
					"@executable_path/Frameworks",
					"@loader_path/Frameworks",
				);
				PRODUCT_BUNDLE_IDENTIFIER = zouqi.GraphQLApolloSwiftTests;
				PRODUCT_NAME = "$(TARGET_NAME)";
				SWIFT_VERSION = 5.0;
				TARGETED_DEVICE_FAMILY = "1,2";
				TEST_HOST = "$(BUILT_PRODUCTS_DIR)/GraphQLApolloSwift.app/GraphQLApolloSwift";
			};
			name = Release;
		};
		27409D8A2338A3D700067265 /* Debug */ = {
			isa = XCBuildConfiguration;
			buildSettings = {
				ALWAYS_EMBED_SWIFT_STANDARD_LIBRARIES = YES;
				CODE_SIGN_STYLE = Automatic;
				INFOPLIST_FILE = GraphQLApolloSwiftUITests/Info.plist;
				LD_RUNPATH_SEARCH_PATHS = (
					"$(inherited)",
					"@executable_path/Frameworks",
					"@loader_path/Frameworks",
				);
				PRODUCT_BUNDLE_IDENTIFIER = zouqi.GraphQLApolloSwiftUITests;
				PRODUCT_NAME = "$(TARGET_NAME)";
				SWIFT_VERSION = 5.0;
				TARGETED_DEVICE_FAMILY = "1,2";
				TEST_TARGET_NAME = GraphQLApolloSwift;
			};
			name = Debug;
		};
		27409D8B2338A3D700067265 /* Release */ = {
			isa = XCBuildConfiguration;
			buildSettings = {
				ALWAYS_EMBED_SWIFT_STANDARD_LIBRARIES = YES;
				CODE_SIGN_STYLE = Automatic;
				INFOPLIST_FILE = GraphQLApolloSwiftUITests/Info.plist;
				LD_RUNPATH_SEARCH_PATHS = (
					"$(inherited)",
					"@executable_path/Frameworks",
					"@loader_path/Frameworks",
				);
				PRODUCT_BUNDLE_IDENTIFIER = zouqi.GraphQLApolloSwiftUITests;
				PRODUCT_NAME = "$(TARGET_NAME)";
				SWIFT_VERSION = 5.0;
				TARGETED_DEVICE_FAMILY = "1,2";
				TEST_TARGET_NAME = GraphQLApolloSwift;
			};
			name = Release;
		};
/* End XCBuildConfiguration section */

/* Begin XCConfigurationList section */
		27409D542338A3D600067265 /* Build configuration list for PBXProject "GraphQLApolloSwift" */ = {
			isa = XCConfigurationList;
			buildConfigurations = (
				27409D812338A3D700067265 /* Debug */,
				27409D822338A3D700067265 /* Release */,
			);
			defaultConfigurationIsVisible = 0;
			defaultConfigurationName = Release;
		};
		27409D832338A3D700067265 /* Build configuration list for PBXNativeTarget "GraphQLApolloSwift" */ = {
			isa = XCConfigurationList;
			buildConfigurations = (
				27409D842338A3D700067265 /* Debug */,
				27409D852338A3D700067265 /* Release */,
			);
			defaultConfigurationIsVisible = 0;
			defaultConfigurationName = Release;
		};
		27409D862338A3D700067265 /* Build configuration list for PBXNativeTarget "GraphQLApolloSwiftTests" */ = {
			isa = XCConfigurationList;
			buildConfigurations = (
				27409D872338A3D700067265 /* Debug */,
				27409D882338A3D700067265 /* Release */,
			);
			defaultConfigurationIsVisible = 0;
			defaultConfigurationName = Release;
		};
		27409D892338A3D700067265 /* Build configuration list for PBXNativeTarget "GraphQLApolloSwiftUITests" */ = {
			isa = XCConfigurationList;
			buildConfigurations = (
				27409D8A2338A3D700067265 /* Debug */,
				27409D8B2338A3D700067265 /* Release */,
			);
			defaultConfigurationIsVisible = 0;
			defaultConfigurationName = Release;
		};
/* End XCConfigurationList section */
	};
	rootObject = 27409D512338A3D600067265 /* Project object */;
}
